
Microsoft Visual Studio Solution File, Format Version 12.00
# Visual Studio 15
VisualStudioVersion = 15.0.26730.16
MinimumVisualStudioVersion = 10.0.40219.1
Project("{FAE04EC0-301F-11D3-BF4B-00C04F79EFBC}") = "SportsStore", "SportsStore\SportsStore.csproj", "{404093E6-6C86-46FF-98EE-E80C0A25F3A8}"
EndProject
Global
	GlobalSection(SolutionConfigurationPlatforms) = preSolution
		Debug|Any CPU = Debug|Any CPU
		Release|Any CPU = Release|Any CPU
	EndGlobalSection
	GlobalSection(ProjectConfigurationPlatforms) = postSolution
		{404093E6-6C86-46FF-98EE-E80C0A25F3A8}.Debug|Any CPU.ActiveCfg = Debug|Any CPU
		{404093E6-6C86-46FF-98EE-E80C0A25F3A8}.Debug|Any CPU.Build.0 = Debug|Any CPU
		{404093E6-6C86-46FF-98EE-E80C0A25F3A8}.Release|Any CPU.ActiveCfg = Release|Any CPU
		{404093E6-6C86-46FF-98EE-E80C0A25F3A8}.Release|Any CPU.Build.0 = Release|Any CPU
	EndGlobalSection
	GlobalSection(SolutionProperties) = preSolution
		HideSolutionNode = FALSE
	EndGlobalSection
	GlobalSection(ExtensibilityGlobals) = postSolution
		SolutionGuid = {6B28A102-6C17-40DD-9290-37275284FBC4}
	EndGlobalSection
EndGlobal
